// !$*UTF8*$!
{
	archiveVersion = 1;
	classes = {
	};
	objectVersion = 48;
	objects = {

/* Begin PBXBuildFile section */
		8D413D2BA17FC75D23140D5A /* Pods_PokeSearch.framework in Frameworks */ = {isa = PBXBuildFile; fileRef = F443782C60715995DA3BFB7E /* Pods_PokeSearch.framework */; };
		DC29C9552062D20200994BA9 /* AppDelegate.swift in Sources */ = {isa = PBXBuildFile; fileRef = DC29C9542062D20200994BA9 /* AppDelegate.swift */; };
		DC29C9572062D20200994BA9 /* ViewController.swift in Sources */ = {isa = PBXBuildFile; fileRef = DC29C9562062D20200994BA9 /* ViewController.swift */; };
		DC29C95A2062D20200994BA9 /* Main.storyboard in Resources */ = {isa = PBXBuildFile; fileRef = DC29C9582062D20200994BA9 /* Main.storyboard */; };
		DC29C95C2062D20200994BA9 /* Assets.xcassets in Resources */ = {isa = PBXBuildFile; fileRef = DC29C95B2062D20200994BA9 /* Assets.xcassets */; };
		DC29C95F2062D20200994BA9 /* LaunchScreen.storyboard in Resources */ = {isa = PBXBuildFile; fileRef = DC29C95D2062D20200994BA9 /* LaunchScreen.storyboard */; };
		DC29C9672062D23900994BA9 /* GoogleService-Info.plist in Resources */ = {isa = PBXBuildFile; fileRef = DC29C9662062D23800994BA9 /* GoogleService-Info.plist */; };
		DC309F802062D611007A4282 /* GFBase32Utils.m in Sources */ = {isa = PBXBuildFile; fileRef = DC309F752062D611007A4282 /* GFBase32Utils.m */; };
		DC309F812062D611007A4282 /* GeoFire.m in Sources */ = {isa = PBXBuildFile; fileRef = DC309F772062D611007A4282 /* GeoFire.m */; };
		DC309F822062D611007A4282 /* GFGeoHashQuery.m in Sources */ = {isa = PBXBuildFile; fileRef = DC309F782062D611007A4282 /* GFGeoHashQuery.m */; };
		DC309F832062D611007A4282 /* GFQuery.m in Sources */ = {isa = PBXBuildFile; fileRef = DC309F792062D611007A4282 /* GFQuery.m */; };
		DC309F842062D611007A4282 /* GFGeoHash.m in Sources */ = {isa = PBXBuildFile; fileRef = DC309F7A2062D611007A4282 /* GFGeoHash.m */; };
/* End PBXBuildFile section */

/* Begin PBXFileReference section */
		C35210F021189AE759E98D19 /* Pods-PokeSearch.release.xcconfig */ = {isa = PBXFileReference; includeInIndex = 1; lastKnownFileType = text.xcconfig; name = "Pods-PokeSearch.release.xcconfig"; path = "Pods/Target Support Files/Pods-PokeSearch/Pods-PokeSearch.release.xcconfig"; sourceTree = "<group>"; };
		DC29C9512062D20200994BA9 /* PokeSearch.app */ = {isa = PBXFileReference; explicitFileType = wrapper.application; includeInIndex = 0; path = PokeSearch.app; sourceTree = BUILT_PRODUCTS_DIR; };
		DC29C9542062D20200994BA9 /* AppDelegate.swift */ = {isa = PBXFileReference; lastKnownFileType = sourcecode.swift; path = AppDelegate.swift; sourceTree = "<group>"; };
		DC29C9562062D20200994BA9 /* ViewController.swift */ = {isa = PBXFileReference; lastKnownFileType = sourcecode.swift; path = ViewController.swift; sourceTree = "<group>"; };
		DC29C9592062D20200994BA9 /* Base */ = {isa = PBXFileReference; lastKnownFileType = file.storyboard; name = Base; path = Base.lproj/Main.storyboard; sourceTree = "<group>"; };
		DC29C95B2062D20200994BA9 /* Assets.xcassets */ = {isa = PBXFileReference; lastKnownFileType = folder.assetcatalog; path = Assets.xcassets; sourceTree = "<group>"; };
		DC29C95E2062D20200994BA9 /* Base */ = {isa = PBXFileReference; lastKnownFileType = file.storyboard; name = Base; path = Base.lproj/LaunchScreen.storyboard; sourceTree = "<group>"; };
		DC29C9602062D20200994BA9 /* Info.plist */ = {isa = PBXFileReference; lastKnownFileType = text.plist.xml; path = Info.plist; sourceTree = "<group>"; };
		DC29C9662062D23800994BA9 /* GoogleService-Info.plist */ = {isa = PBXFileReference; fileEncoding = 4; lastKnownFileType = text.plist.xml; path = "GoogleService-Info.plist"; sourceTree = "<group>"; };
		DC309F6F2062D611007A4282 /* GeoFire-Prefix.pch */ = {isa = PBXFileReference; fileEncoding = 4; lastKnownFileType = sourcecode.c.h; path = "GeoFire-Prefix.pch"; sourceTree = "<group>"; };
		DC309F712062D611007A4282 /* GFBase32Utils.h */ = {isa = PBXFileReference; fileEncoding = 4; lastKnownFileType = sourcecode.c.h; path = GFBase32Utils.h; sourceTree = "<group>"; };
		DC309F722062D611007A4282 /* GFGeoHashQuery.h */ = {isa = PBXFileReference; fileEncoding = 4; lastKnownFileType = sourcecode.c.h; path = GFGeoHashQuery.h; sourceTree = "<group>"; };
		DC309F732062D611007A4282 /* GFGeoHash.h */ = {isa = PBXFileReference; fileEncoding = 4; lastKnownFileType = sourcecode.c.h; path = GFGeoHash.h; sourceTree = "<group>"; };
		DC309F742062D611007A4282 /* GFQuery+Private.h */ = {isa = PBXFileReference; fileEncoding = 4; lastKnownFileType = sourcecode.c.h; path = "GFQuery+Private.h"; sourceTree = "<group>"; };
		DC309F752062D611007A4282 /* GFBase32Utils.m */ = {isa = PBXFileReference; fileEncoding = 4; lastKnownFileType = sourcecode.c.objc; path = GFBase32Utils.m; sourceTree = "<group>"; };
		DC309F762062D611007A4282 /* GeoFire+Private.h */ = {isa = PBXFileReference; fileEncoding = 4; lastKnownFileType = sourcecode.c.h; path = "GeoFire+Private.h"; sourceTree = "<group>"; };
		DC309F772062D611007A4282 /* GeoFire.m */ = {isa = PBXFileReference; fileEncoding = 4; lastKnownFileType = sourcecode.c.objc; path = GeoFire.m; sourceTree = "<group>"; };
		DC309F782062D611007A4282 /* GFGeoHashQuery.m */ = {isa = PBXFileReference; fileEncoding = 4; lastKnownFileType = sourcecode.c.objc; path = GFGeoHashQuery.m; sourceTree = "<group>"; };
		DC309F792062D611007A4282 /* GFQuery.m */ = {isa = PBXFileReference; fileEncoding = 4; lastKnownFileType = sourcecode.c.objc; path = GFQuery.m; sourceTree = "<group>"; };
		DC309F7A2062D611007A4282 /* GFGeoHash.m */ = {isa = PBXFileReference; fileEncoding = 4; lastKnownFileType = sourcecode.c.objc; path = GFGeoHash.m; sourceTree = "<group>"; };
		DC309F7C2062D611007A4282 /* GFRegionQuery.h */ = {isa = PBXFileReference; fileEncoding = 4; lastKnownFileType = sourcecode.c.h; path = GFRegionQuery.h; sourceTree = "<group>"; };
		DC309F7D2062D611007A4282 /* GeoFire.h */ = {isa = PBXFileReference; fileEncoding = 4; lastKnownFileType = sourcecode.c.h; path = GeoFire.h; sourceTree = "<group>"; };
		DC309F7E2062D611007A4282 /* GFQuery.h */ = {isa = PBXFileReference; fileEncoding = 4; lastKnownFileType = sourcecode.c.h; path = GFQuery.h; sourceTree = "<group>"; };
		DC309F7F2062D611007A4282 /* GFCircleQuery.h */ = {isa = PBXFileReference; fileEncoding = 4; lastKnownFileType = sourcecode.c.h; path = GFCircleQuery.h; sourceTree = "<group>"; };
		DC309F852062D77E007A4282 /* PokeSearch-Bridging-Header.h */ = {isa = PBXFileReference; lastKnownFileType = sourcecode.c.h; path = "PokeSearch-Bridging-Header.h"; sourceTree = "<group>"; };
		E878093AB36D42690889946C /* Pods-PokeSearch.debug.xcconfig */ = {isa = PBXFileReference; includeInIndex = 1; lastKnownFileType = text.xcconfig; name = "Pods-PokeSearch.debug.xcconfig"; path = "Pods/Target Support Files/Pods-PokeSearch/Pods-PokeSearch.debug.xcconfig"; sourceTree = "<group>"; };
		F443782C60715995DA3BFB7E /* Pods_PokeSearch.framework */ = {isa = PBXFileReference; explicitFileType = wrapper.framework; includeInIndex = 0; path = Pods_PokeSearch.framework; sourceTree = BUILT_PRODUCTS_DIR; };
/* End PBXFileReference section */

/* Begin PBXFrameworksBuildPhase section */
		DC29C94E2062D20200994BA9 /* Frameworks */ = {
			isa = PBXFrameworksBuildPhase;
			buildActionMask = 2147483647;
			files = (
				8D413D2BA17FC75D23140D5A /* Pods_PokeSearch.framework in Frameworks */,
			);
			runOnlyForDeploymentPostprocessing = 0;
		};
/* End PBXFrameworksBuildPhase section */

/* Begin PBXGroup section */
		04B448FA3AD969438E2FD21D /* Pods */ = {
			isa = PBXGroup;
			children = (
				E878093AB36D42690889946C /* Pods-PokeSearch.debug.xcconfig */,
				C35210F021189AE759E98D19 /* Pods-PokeSearch.release.xcconfig */,
			);
			name = Pods;
			sourceTree = "<group>";
		};
		83A03E5308C364A097DCA311 /* Frameworks */ = {
			isa = PBXGroup;
			children = (
				F443782C60715995DA3BFB7E /* Pods_PokeSearch.framework */,
			);
			name = Frameworks;
			sourceTree = "<group>";
		};
		DC29C9482062D20200994BA9 = {
			isa = PBXGroup;
			children = (
				DC29C9532062D20200994BA9 /* PokeSearch */,
				DC29C9522062D20200994BA9 /* Products */,
				04B448FA3AD969438E2FD21D /* Pods */,
				83A03E5308C364A097DCA311 /* Frameworks */,
			);
			sourceTree = "<group>";
		};
		DC29C9522062D20200994BA9 /* Products */ = {
			isa = PBXGroup;
			children = (
				DC29C9512062D20200994BA9 /* PokeSearch.app */,
			);
			name = Products;
			sourceTree = "<group>";
		};
		DC29C9532062D20200994BA9 /* PokeSearch */ = {
			isa = PBXGroup;
			children = (
				DC29C9542062D20200994BA9 /* AppDelegate.swift */,
				DC29C9562062D20200994BA9 /* ViewController.swift */,
				DC29C9582062D20200994BA9 /* Main.storyboard */,
				DC29C95B2062D20200994BA9 /* Assets.xcassets */,
				DC29C95D2062D20200994BA9 /* LaunchScreen.storyboard */,
				DC29C9602062D20200994BA9 /* Info.plist */,
				DC29C9662062D23800994BA9 /* GoogleService-Info.plist */,
				DC309F6E2062D611007A4282 /* GeoFire */,
				DC309F852062D77E007A4282 /* PokeSearch-Bridging-Header.h */,
			);
			path = PokeSearch;
			sourceTree = "<group>";
		};
		DC309F6E2062D611007A4282 /* GeoFire */ = {
			isa = PBXGroup;
			children = (
				DC309F6F2062D611007A4282 /* GeoFire-Prefix.pch */,
				DC309F702062D611007A4282 /* Implementation */,
				DC309F7B2062D611007A4282 /* API */,
			);
			path = GeoFire;
			sourceTree = "<group>";
		};
		DC309F702062D611007A4282 /* Implementation */ = {
			isa = PBXGroup;
			children = (
				DC309F712062D611007A4282 /* GFBase32Utils.h */,
				DC309F722062D611007A4282 /* GFGeoHashQuery.h */,
				DC309F732062D611007A4282 /* GFGeoHash.h */,
				DC309F742062D611007A4282 /* GFQuery+Private.h */,
				DC309F752062D611007A4282 /* GFBase32Utils.m */,
				DC309F762062D611007A4282 /* GeoFire+Private.h */,
				DC309F772062D611007A4282 /* GeoFire.m */,
				DC309F782062D611007A4282 /* GFGeoHashQuery.m */,
				DC309F792062D611007A4282 /* GFQuery.m */,
				DC309F7A2062D611007A4282 /* GFGeoHash.m */,
			);
			path = Implementation;
			sourceTree = "<group>";
		};
		DC309F7B2062D611007A4282 /* API */ = {
			isa = PBXGroup;
			children = (
				DC309F7C2062D611007A4282 /* GFRegionQuery.h */,
				DC309F7D2062D611007A4282 /* GeoFire.h */,
				DC309F7E2062D611007A4282 /* GFQuery.h */,
				DC309F7F2062D611007A4282 /* GFCircleQuery.h */,
			);
			path = API;
			sourceTree = "<group>";
		};
/* End PBXGroup section */

/* Begin PBXNativeTarget section */
		DC29C9502062D20200994BA9 /* PokeSearch */ = {
			isa = PBXNativeTarget;
			buildConfigurationList = DC29C9632062D20200994BA9 /* Build configuration list for PBXNativeTarget "PokeSearch" */;
			buildPhases = (
				2ACE41A040F38353C39AF9F9 /* [CP] Check Pods Manifest.lock */,
				DC29C94D2062D20200994BA9 /* Sources */,
				DC29C94E2062D20200994BA9 /* Frameworks */,
				DC29C94F2062D20200994BA9 /* Resources */,
				E3B3808AC3D8E1422F271A66 /* [CP] Embed Pods Frameworks */,
				1F389CDCA2665260EE367499 /* [CP] Copy Pods Resources */,
			);
			buildRules = (
			);
			dependencies = (
			);
			name = PokeSearch;
			productName = PokeSearch;
			productReference = DC29C9512062D20200994BA9 /* PokeSearch.app */;
			productType = "com.apple.product-type.application";
		};
/* End PBXNativeTarget section */

/* Begin PBXProject section */
		DC29C9492062D20200994BA9 /* Project object */ = {
			isa = PBXProject;
			attributes = {
				LastSwiftUpdateCheck = 0920;
				LastUpgradeCheck = 0920;
				ORGANIZATIONNAME = "Aleksei Degtiarev";
				TargetAttributes = {
					DC29C9502062D20200994BA9 = {
						CreatedOnToolsVersion = 9.2;
						ProvisioningStyle = Automatic;
					};
				};
			};
			buildConfigurationList = DC29C94C2062D20200994BA9 /* Build configuration list for PBXProject "PokeSearch" */;
			compatibilityVersion = "Xcode 8.0";
			developmentRegion = en;
			hasScannedForEncodings = 0;
			knownRegions = (
				en,
				Base,
			);
			mainGroup = DC29C9482062D20200994BA9;
			productRefGroup = DC29C9522062D20200994BA9 /* Products */;
			projectDirPath = "";
			projectRoot = "";
			targets = (
				DC29C9502062D20200994BA9 /* PokeSearch */,
			);
		};
/* End PBXProject section */

/* Begin PBXResourcesBuildPhase section */
		DC29C94F2062D20200994BA9 /* Resources */ = {
			isa = PBXResourcesBuildPhase;
			buildActionMask = 2147483647;
			files = (
				DC29C95F2062D20200994BA9 /* LaunchScreen.storyboard in Resources */,
				DC29C9672062D23900994BA9 /* GoogleService-Info.plist in Resources */,
				DC29C95C2062D20200994BA9 /* Assets.xcassets in Resources */,
				DC29C95A2062D20200994BA9 /* Main.storyboard in Resources */,
			);
			runOnlyForDeploymentPostprocessing = 0;
		};
/* End PBXResourcesBuildPhase section */

/* Begin PBXShellScriptBuildPhase section */
		1F389CDCA2665260EE367499 /* [CP] Copy Pods Resources */ = {
			isa = PBXShellScriptBuildPhase;
			buildActionMask = 2147483647;
			files = (
			);
			inputPaths = (
			);
			name = "[CP] Copy Pods Resources";
			outputPaths = (
			);
			runOnlyForDeploymentPostprocessing = 0;
			shellPath = /bin/sh;
			shellScript = "\"${SRCROOT}/Pods/Target Support Files/Pods-PokeSearch/Pods-PokeSearch-resources.sh\"\n";
			showEnvVarsInLog = 0;
		};
		2ACE41A040F38353C39AF9F9 /* [CP] Check Pods Manifest.lock */ = {
			isa = PBXShellScriptBuildPhase;
			buildActionMask = 2147483647;
			files = (
			);
			inputPaths = (
				"${PODS_PODFILE_DIR_PATH}/Podfile.lock",
				"${PODS_ROOT}/Manifest.lock",
			);
			name = "[CP] Check Pods Manifest.lock";
			outputPaths = (
				"$(DERIVED_FILE_DIR)/Pods-PokeSearch-checkManifestLockResult.txt",
			);
			runOnlyForDeploymentPostprocessing = 0;
			shellPath = /bin/sh;
			shellScript = "diff \"${PODS_PODFILE_DIR_PATH}/Podfile.lock\" \"${PODS_ROOT}/Manifest.lock\" > /dev/null\nif [ $? != 0 ] ; then\n    # print error to STDERR\n    echo \"error: The sandbox is not in sync with the Podfile.lock. Run 'pod install' or update your CocoaPods installation.\" >&2\n    exit 1\nfi\n# This output is used by Xcode 'outputs' to avoid re-running this script phase.\necho \"SUCCESS\" > \"${SCRIPT_OUTPUT_FILE_0}\"\n";
			showEnvVarsInLog = 0;
		};
		E3B3808AC3D8E1422F271A66 /* [CP] Embed Pods Frameworks */ = {
			isa = PBXShellScriptBuildPhase;
			buildActionMask = 2147483647;
			files = (
			);
			inputPaths = (
				"${SRCROOT}/Pods/Target Support Files/Pods-PokeSearch/Pods-PokeSearch-frameworks.sh",
				"${BUILT_PRODUCTS_DIR}/GoogleToolboxForMac/GoogleToolboxForMac.framework",
				"${BUILT_PRODUCTS_DIR}/leveldb-library/leveldb.framework",
				"${BUILT_PRODUCTS_DIR}/nanopb/nanopb.framework",
			);
			name = "[CP] Embed Pods Frameworks";
			outputPaths = (
				"${TARGET_BUILD_DIR}/${FRAMEWORKS_FOLDER_PATH}/GoogleToolboxForMac.framework",
				"${TARGET_BUILD_DIR}/${FRAMEWORKS_FOLDER_PATH}/leveldb.framework",
				"${TARGET_BUILD_DIR}/${FRAMEWORKS_FOLDER_PATH}/nanopb.framework",
			);
			runOnlyForDeploymentPostprocessing = 0;
			shellPath = /bin/sh;
			shellScript = "\"${SRCROOT}/Pods/Target Support Files/Pods-PokeSearch/Pods-PokeSearch-frameworks.sh\"\n";
			showEnvVarsInLog = 0;
		};
/* End PBXShellScriptBuildPhase section */

/* Begin PBXSourcesBuildPhase section */
		DC29C94D2062D20200994BA9 /* Sources */ = {
			isa = PBXSourcesBuildPhase;
			buildActionMask = 2147483647;
			files = (
				DC29C9572062D20200994BA9 /* ViewController.swift in Sources */,
				DC309F812062D611007A4282 /* GeoFire.m in Sources */,
				DC29C9552062D20200994BA9 /* AppDelegate.swift in Sources */,
				DC309F832062D611007A4282 /* GFQuery.m in Sources */,
				DC309F822062D611007A4282 /* GFGeoHashQuery.m in Sources */,
				DC309F842062D611007A4282 /* GFGeoHash.m in Sources */,
				DC309F802062D611007A4282 /* GFBase32Utils.m in Sources */,
			);
			runOnlyForDeploymentPostprocessing = 0;
		};
/* End PBXSourcesBuildPhase section */

/* Begin PBXVariantGroup section */
		DC29C9582062D20200994BA9 /* Main.storyboard */ = {
			isa = PBXVariantGroup;
			children = (
				DC29C9592062D20200994BA9 /* Base */,
			);
			name = Main.storyboard;
			sourceTree = "<group>";
		};
		DC29C95D2062D20200994BA9 /* LaunchScreen.storyboard */ = {
			isa = PBXVariantGroup;
			children = (
				DC29C95E2062D20200994BA9 /* Base */,
			);
			name = LaunchScreen.storyboard;
			sourceTree = "<group>";
		};
/* End PBXVariantGroup section */

/* Begin XCBuildConfiguration section */
		DC29C9612062D20200994BA9 /* Debug */ = {
			isa = XCBuildConfiguration;
			buildSettings = {
				ALWAYS_SEARCH_USER_PATHS = NO;
				CLANG_ANALYZER_NONNULL = YES;
				CLANG_ANALYZER_NUMBER_OBJECT_CONVERSION = YES_AGGRESSIVE;
				CLANG_CXX_LANGUAGE_STANDARD = "gnu++14";
				CLANG_CXX_LIBRARY = "libc++";
				CLANG_ENABLE_MODULES = YES;
				CLANG_ENABLE_OBJC_ARC = YES;
				CLANG_WARN_BLOCK_CAPTURE_AUTORELEASING = YES;
				CLANG_WARN_BOOL_CONVERSION = YES;
				CLANG_WARN_COMMA = YES;
				CLANG_WARN_CONSTANT_CONVERSION = YES;
				CLANG_WARN_DIRECT_OBJC_ISA_USAGE = YES_ERROR;
				CLANG_WARN_DOCUMENTATION_COMMENTS = YES;
				CLANG_WARN_EMPTY_BODY = YES;
				CLANG_WARN_ENUM_CONVERSION = YES;
				CLANG_WARN_INFINITE_RECURSION = YES;
				CLANG_WARN_INT_CONVERSION = YES;
				CLANG_WARN_NON_LITERAL_NULL_CONVERSION = YES;
				CLANG_WARN_OBJC_LITERAL_CONVERSION = YES;
				CLANG_WARN_OBJC_ROOT_CLASS = YES_ERROR;
				CLANG_WARN_RANGE_LOOP_ANALYSIS = YES;
				CLANG_WARN_STRICT_PROTOTYPES = YES;
				CLANG_WARN_SUSPICIOUS_MOVE = YES;
				CLANG_WARN_UNGUARDED_AVAILABILITY = YES_AGGRESSIVE;
				CLANG_WARN_UNREACHABLE_CODE = YES;
				CLANG_WARN__DUPLICATE_METHOD_MATCH = YES;
				CODE_SIGN_IDENTITY = "iPhone Developer";
				COPY_PHASE_STRIP = NO;
				DEBUG_INFORMATION_FORMAT = dwarf;
				ENABLE_STRICT_OBJC_MSGSEND = YES;
				ENABLE_TESTABILITY = YES;
				GCC_C_LANGUAGE_STANDARD = gnu11;
				GCC_DYNAMIC_NO_PIC = NO;
				GCC_NO_COMMON_BLOCKS = YES;
				GCC_OPTIMIZATION_LEVEL = 0;
				GCC_PREPROCESSOR_DEFINITIONS = (
					"DEBUG=1",
					"$(inherited)",
				);
				GCC_WARN_64_TO_32_BIT_CONVERSION = YES;
				GCC_WARN_ABOUT_RETURN_TYPE = YES_ERROR;
				GCC_WARN_UNDECLARED_SELECTOR = YES;
				GCC_WARN_UNINITIALIZED_AUTOS = YES_AGGRESSIVE;
				GCC_WARN_UNUSED_FUNCTION = YES;
				GCC_WARN_UNUSED_VARIABLE = YES;
				IPHONEOS_DEPLOYMENT_TARGET = 11.2;
				MTL_ENABLE_DEBUG_INFO = YES;
				ONLY_ACTIVE_ARCH = YES;
				SDKROOT = iphoneos;
				SWIFT_ACTIVE_COMPILATION_CONDITIONS = DEBUG;
				SWIFT_OPTIMIZATION_LEVEL = "-Onone";
			};
			name = Debug;
		};
		DC29C9622062D20200994BA9 /* Release */ = {
			isa = XCBuildConfiguration;
			buildSettings = {
				ALWAYS_SEARCH_USER_PATHS = NO;
				CLANG_ANALYZER_NONNULL = YES;
				CLANG_ANALYZER_NUMBER_OBJECT_CONVERSION = YES_AGGRESSIVE;
				CLANG_CXX_LANGUAGE_STANDARD = "gnu++14";
				CLANG_CXX_LIBRARY = "libc++";
				CLANG_ENABLE_MODULES = YES;
				CLANG_ENABLE_OBJC_ARC = YES;
				CLANG_WARN_BLOCK_CAPTURE_AUTORELEASING = YES;
				CLANG_WARN_BOOL_CONVERSION = YES;
				CLANG_WARN_COMMA = YES;
				CLANG_WARN_CONSTANT_CONVERSION = YES;
				CLANG_WARN_DIRECT_OBJC_ISA_USAGE = YES_ERROR;
				CLANG_WARN_DOCUMENTATION_COMMENTS = YES;
				CLANG_WARN_EMPTY_BODY = YES;
				CLANG_WARN_ENUM_CONVERSION = YES;
				CLANG_WARN_INFINITE_RECURSION = YES;
				CLANG_WARN_INT_CONVERSION = YES;
				CLANG_WARN_NON_LITERAL_NULL_CONVERSION = YES;
				CLANG_WARN_OBJC_LITERAL_CONVERSION = YES;
				CLANG_WARN_OBJC_ROOT_CLASS = YES_ERROR;
				CLANG_WARN_RANGE_LOOP_ANALYSIS = YES;
				CLANG_WARN_STRICT_PROTOTYPES = YES;
				CLANG_WARN_SUSPICIOUS_MOVE = YES;
				CLANG_WARN_UNGUARDED_AVAILABILITY = YES_AGGRESSIVE;
				CLANG_WARN_UNREACHABLE_CODE = YES;
				CLANG_WARN__DUPLICATE_METHOD_MATCH = YES;
				CODE_SIGN_IDENTITY = "iPhone Developer";
				COPY_PHASE_STRIP = NO;
				DEBUG_INFORMATION_FORMAT = "dwarf-with-dsym";
				ENABLE_NS_ASSERTIONS = NO;
				ENABLE_STRICT_OBJC_MSGSEND = YES;
				GCC_C_LANGUAGE_STANDARD = gnu11;
				GCC_NO_COMMON_BLOCKS = YES;
				GCC_WARN_64_TO_32_BIT_CONVERSION = YES;
				GCC_WARN_ABOUT_RETURN_TYPE = YES_ERROR;
				GCC_WARN_UNDECLARED_SELECTOR = YES;
				GCC_WARN_UNINITIALIZED_AUTOS = YES_AGGRESSIVE;
				GCC_WARN_UNUSED_FUNCTION = YES;
				GCC_WARN_UNUSED_VARIABLE = YES;
				IPHONEOS_DEPLOYMENT_TARGET = 11.2;
				MTL_ENABLE_DEBUG_INFO = NO;
				SDKROOT = iphoneos;
				SWIFT_OPTIMIZATION_LEVEL = "-Owholemodule";
				VALIDATE_PRODUCT = YES;
			};
			name = Release;
		};
		DC29C9642062D20200994BA9 /* Debug */ = {
			isa = XCBuildConfiguration;
			baseConfigurationReference = E878093AB36D42690889946C /* Pods-PokeSearch.debug.xcconfig */;
			buildSettings = {
				ASSETCATALOG_COMPILER_APPICON_NAME = AppIcon;
				CODE_SIGN_STYLE = Automatic;
				DEVELOPMENT_TEAM = Z8822C26BQ;
				INFOPLIST_FILE = PokeSearch/Info.plist;
				LD_RUNPATH_SEARCH_PATHS = "$(inherited) @executable_path/Frameworks";
				PRODUCT_BUNDLE_IDENTIFIER = delexa.PokeSearch;
				PRODUCT_NAME = "$(TARGET_NAME)";
				SWIFT_OBJC_BRIDGING_HEADER = "PokeSearch/PokeSearch-Bridging-Header.h";
				SWIFT_VERSION = 4.0;
				TARGETED_DEVICE_FAMILY = "1,2";
			};
			name = Debug;
		};
		DC29C9652062D20200994BA9 /* Release */ = {
			isa = XCBuildConfiguration;
			baseConfigurationReference = C35210F021189AE759E98D19 /* Pods-PokeSearch.release.xcconfig */;
			buildSettings = {
				ASSETCATALOG_COMPILER_APPICON_NAME = AppIcon;
				CODE_SIGN_STYLE = Automatic;
				DEVELOPMENT_TEAM = Z8822C26BQ;
				INFOPLIST_FILE = PokeSearch/Info.plist;
				LD_RUNPATH_SEARCH_PATHS = "$(inherited) @executable_path/Frameworks";
				PRODUCT_BUNDLE_IDENTIFIER = delexa.PokeSearch;
				PRODUCT_NAME = "$(TARGET_NAME)";
				SWIFT_OBJC_BRIDGING_HEADER = "PokeSearch/PokeSearch-Bridging-Header.h";
				SWIFT_VERSION = 4.0;
				TARGETED_DEVICE_FAMILY = "1,2";
			};
			name = Release;
		};
/* End XCBuildConfiguration section */

/* Begin XCConfigurationList section */
		DC29C94C2062D20200994BA9 /* Build configuration list for PBXProject "PokeSearch" */ = {
			isa = XCConfigurationList;
			buildConfigurations = (
				DC29C9612062D20200994BA9 /* Debug */,
				DC29C9622062D20200994BA9 /* Release */,
			);
			defaultConfigurationIsVisible = 0;
			defaultConfigurationName = Release;
		};
		DC29C9632062D20200994BA9 /* Build configuration list for PBXNativeTarget "PokeSearch" */ = {
			isa = XCConfigurationList;
			buildConfigurations = (
				DC29C9642062D20200994BA9 /* Debug */,
				DC29C9652062D20200994BA9 /* Release */,
			);
			defaultConfigurationIsVisible = 0;
			defaultConfigurationName = Release;
		};
/* End XCConfigurationList section */
	};
	rootObject = DC29C9492062D20200994BA9 /* Project object */;
}
